Microsoft Visual Studio Solution File, Format Version 11.00
# Visual Studio 2008

Project("{90532912-FC6E-9DF8-6375-60AA4CDE0297}") = "unity_frontend", "Assembly-CSharp-firstpass.csproj", "{242F986B-58DF-8DB4-FE0C-3968F4B6A3D1}"
EndProject
Project("{90532912-FC6E-9DF8-6375-60AA4CDE0297}") = "unity_frontend", "Assembly-CSharp.csproj", "{94263DE7-FC4B-CC39-C24D-75AFCFDA927C}"
EndProject
Global
	GlobalSection(SolutionConfigurationPlatforms) = preSolution
		Debug|Any CPU = Debug|Any CPU
		Release|Any CPU = Release|Any CPU
	EndGlobalSection
	GlobalSection(ProjectConfigurationPlatforms) = postSolution
		{242F986B-58DF-8DB4-FE0C-3968F4B6A3D1}.Debug|Any CPU.ActiveCfg = Debug|Any CPU
		{242F986B-58DF-8DB4-FE0C-3968F4B6A3D1}.Debug|Any CPU.Build.0 = Debug|Any CPU
		{242F986B-58DF-8DB4-FE0C-3968F4B6A3D1}.Release|Any CPU.ActiveCfg = Release|Any CPU
		{242F986B-58DF-8DB4-FE0C-3968F4B6A3D1}.Release|Any CPU.Build.0 = Release|Any CPU
		{94263DE7-FC4B-CC39-C24D-75AFCFDA927C}.Debug|Any CPU.ActiveCfg = Debug|Any CPU
		{94263DE7-FC4B-CC39-C24D-75AFCFDA927C}.Debug|Any CPU.Build.0 = Debug|Any CPU
		{94263DE7-FC4B-CC39-C24D-75AFCFDA927C}.Release|Any CPU.ActiveCfg = Release|Any CPU
		{94263DE7-FC4B-CC39-C24D-75AFCFDA927C}.Release|Any CPU.Build.0 = Release|Any CPU
	EndGlobalSection
	GlobalSection(SolutionProperties) = preSolution
		HideSolutionNode = FALSE
	EndGlobalSection
																																																																																		GlobalSection(MonoDevelopProperties) = preSolution
		StartupItem = Assembly-CSharp.csproj
		Policies = $0
		$0.TextStylePolicy = $1
		$1.inheritsSet = null
		$1.scope = text/x-csharp
		$0.CSharpFormattingPolicy = $2
		$2.inheritsSet = Mono
		$2.inheritsScope = text/x-csharp
		$2.scope = text/x-csharp
		$0.TextStylePolicy = $3
		$3.FileWidth = 120
		$3.TabWidth = 4
		$3.EolMarker = Unix
		$3.inheritsSet = Mono
		$3.inheritsScope = text/plain
		$3.scope = text/plain
	EndGlobalSection

EndGlobal
